{
  "pins" : [
    {
      "identity" : "r.swift",
      "kind" : "remoteSourceControl",
      "location" : "https://github.com/mac-cain13/R.swift",
      "state" : {
        "revision" : "cffbe4aa55ab5f012590b38ad114079c407e6937",
        "version" : "7.2.4"
      }
    },
    {
      "identity" : "sdwebimage",
      "kind" : "remoteSourceControl",
      "location" : "https://github.com/SDWebImage/SDWebImage.git",
      "state" : {
        "revision" : "6c6b951845a520fa7e8356e28adb5339c0f008d3",
        "version" : "5.15.0"
      }
    },
    {
      "identity" : "swift-argument-parser",
      "kind" : "remoteSourceControl",
      "location" : "https://github.com/apple/swift-argument-parser",
      "state" : {
        "revision" : "4ad606ba5d7673ea60679a61ff867cc1ff8c8e86",
        "version" : "1.2.1"
      }
    },
    {
      "identity" : "xcodeedit",
      "kind" : "remoteSourceControl",
      "location" : "https://github.com/tomlokhorst/XcodeEdit",
      "state" : {
        "revision" : "cd466d6e8c5ffd2f2b61165d37b0646f09068e1e",
        "version" : "2.9.0"
      }
    }
  ],
  "version" : 2
}
