// !$*UTF8*$!
{
	archiveVersion = 1;
	classes = {
	};
	objectVersion = 56;
	objects = {

/* Begin PBXBuildFile section */
		53497245297BE17D00609FA6 /* AppDelegate.swift in Sources */ = {isa = PBXBuildFile; fileRef = 53497244297BE17D00609FA6 /* AppDelegate.swift */; };
		5349724C297BE17D00609FA6 /* Main.storyboard in Resources */ = {isa = PBXBuildFile; fileRef = 5349724A297BE17D00609FA6 /* Main.storyboard */; };
		5349724E297BE17E00609FA6 /* Assets.xcassets in Resources */ = {isa = PBXBuildFile; fileRef = 5349724D297BE17E00609FA6 /* Assets.xcassets */; };
		53497251297BE17E00609FA6 /* LaunchScreen.storyboard in Resources */ = {isa = PBXBuildFile; fileRef = 5349724F297BE17E00609FA6 /* LaunchScreen.storyboard */; };
		5349725C297BE17E00609FA6 /* RickAndMortyTests.swift in Sources */ = {isa = PBXBuildFile; fileRef = 5349725B297BE17E00609FA6 /* RickAndMortyTests.swift */; };
		53497266297BE17E00609FA6 /* RickAndMortyUITests.swift in Sources */ = {isa = PBXBuildFile; fileRef = 53497265297BE17E00609FA6 /* RickAndMortyUITests.swift */; };
		53497268297BE17E00609FA6 /* RickAndMortyUITestsLaunchTests.swift in Sources */ = {isa = PBXBuildFile; fileRef = 53497267297BE17E00609FA6 /* RickAndMortyUITestsLaunchTests.swift */; };
		53497281297BE2A300609FA6 /* AppCoordinator.swift in Sources */ = {isa = PBXBuildFile; fileRef = 53497280297BE2A300609FA6 /* AppCoordinator.swift */; };
		53497283297BE2E300609FA6 /* Engine.swift in Sources */ = {isa = PBXBuildFile; fileRef = 53497282297BE2E300609FA6 /* Engine.swift */; };
		53497286297BE33800609FA6 /* NetworkClient.swift in Sources */ = {isa = PBXBuildFile; fileRef = 53497285297BE33800609FA6 /* NetworkClient.swift */; };
		53497287297BE33800609FA6 /* NetworkClient.swift in Sources */ = {isa = PBXBuildFile; fileRef = 53497285297BE33800609FA6 /* NetworkClient.swift */; };
		5349728A297BE35B00609FA6 /* EndPointType.swift in Sources */ = {isa = PBXBuildFile; fileRef = 53497289297BE35B00609FA6 /* EndPointType.swift */; };
		5349728B297BE35B00609FA6 /* EndPointType.swift in Sources */ = {isa = PBXBuildFile; fileRef = 53497289297BE35B00609FA6 /* EndPointType.swift */; };
		5349728D297BE37D00609FA6 /* Results.swift in Sources */ = {isa = PBXBuildFile; fileRef = 5349728C297BE37D00609FA6 /* Results.swift */; };
		5349728E297BE37D00609FA6 /* Results.swift in Sources */ = {isa = PBXBuildFile; fileRef = 5349728C297BE37D00609FA6 /* Results.swift */; };
		53497290297BE39E00609FA6 /* RMNetworkClient.swift in Sources */ = {isa = PBXBuildFile; fileRef = 5349728F297BE39E00609FA6 /* RMNetworkClient.swift */; };
		53497291297BE39E00609FA6 /* RMNetworkClient.swift in Sources */ = {isa = PBXBuildFile; fileRef = 5349728F297BE39E00609FA6 /* RMNetworkClient.swift */; };
		535F154E297C524D007873A8 /* RMService.swift in Sources */ = {isa = PBXBuildFile; fileRef = 535F154D297C524D007873A8 /* RMService.swift */; };
		535F154F297C524D007873A8 /* RMService.swift in Sources */ = {isa = PBXBuildFile; fileRef = 535F154D297C524D007873A8 /* RMService.swift */; };
		535F1554297C5354007873A8 /* RMNetworkService.swift in Sources */ = {isa = PBXBuildFile; fileRef = 535F1553297C5354007873A8 /* RMNetworkService.swift */; };
		535F1555297C5354007873A8 /* RMNetworkService.swift in Sources */ = {isa = PBXBuildFile; fileRef = 535F1553297C5354007873A8 /* RMNetworkService.swift */; };
		535F1557297C5362007873A8 /* RMMockService.swift in Sources */ = {isa = PBXBuildFile; fileRef = 535F1556297C5362007873A8 /* RMMockService.swift */; };
		535F1558297C5362007873A8 /* RMMockService.swift in Sources */ = {isa = PBXBuildFile; fileRef = 535F1556297C5362007873A8 /* RMMockService.swift */; };
		535F155A297C542C007873A8 /* RMEndPoints.swift in Sources */ = {isa = PBXBuildFile; fileRef = 535F1559297C542C007873A8 /* RMEndPoints.swift */; };
		535F155B297C542C007873A8 /* RMEndPoints.swift in Sources */ = {isa = PBXBuildFile; fileRef = 535F1559297C542C007873A8 /* RMEndPoints.swift */; };
		535F155E297C5578007873A8 /* RMError.swift in Sources */ = {isa = PBXBuildFile; fileRef = 535F155D297C5578007873A8 /* RMError.swift */; };
		535F155F297C5578007873A8 /* RMError.swift in Sources */ = {isa = PBXBuildFile; fileRef = 535F155D297C5578007873A8 /* RMError.swift */; };
		535F1565297C5B24007873A8 /* RMEpisodesCoordinator.swift in Sources */ = {isa = PBXBuildFile; fileRef = 535F1564297C5B24007873A8 /* RMEpisodesCoordinator.swift */; };
		535F1566297C5B25007873A8 /* RMEpisodesCoordinator.swift in Sources */ = {isa = PBXBuildFile; fileRef = 535F1564297C5B24007873A8 /* RMEpisodesCoordinator.swift */; };
		535F1568297C5B37007873A8 /* RMCharachtersCoordinator.swift in Sources */ = {isa = PBXBuildFile; fileRef = 535F1567297C5B37007873A8 /* RMCharachtersCoordinator.swift */; };
		535F1569297C5B37007873A8 /* RMCharachtersCoordinator.swift in Sources */ = {isa = PBXBuildFile; fileRef = 535F1567297C5B37007873A8 /* RMCharachtersCoordinator.swift */; };
		535F156B297C5B42007873A8 /* RMLocationsCoordinator.swift in Sources */ = {isa = PBXBuildFile; fileRef = 535F156A297C5B42007873A8 /* RMLocationsCoordinator.swift */; };
		535F156C297C5B42007873A8 /* RMLocationsCoordinator.swift in Sources */ = {isa = PBXBuildFile; fileRef = 535F156A297C5B42007873A8 /* RMLocationsCoordinator.swift */; };
		535F156E297C5BC5007873A8 /* Spawnable.swift in Sources */ = {isa = PBXBuildFile; fileRef = 535F156D297C5BC5007873A8 /* Spawnable.swift */; };
		535F156F297C5BC5007873A8 /* Spawnable.swift in Sources */ = {isa = PBXBuildFile; fileRef = 535F156D297C5BC5007873A8 /* Spawnable.swift */; };
		535F1572297C5BE4007873A8 /* Reusable.swift in Sources */ = {isa = PBXBuildFile; fileRef = 535F1571297C5BE4007873A8 /* Reusable.swift */; };
		535F1573297C5BE4007873A8 /* Reusable.swift in Sources */ = {isa = PBXBuildFile; fileRef = 535F1571297C5BE4007873A8 /* Reusable.swift */; };
		535F1575297C5C17007873A8 /* UIViewController+Alerts.swift in Sources */ = {isa = PBXBuildFile; fileRef = 535F1574297C5C17007873A8 /* UIViewController+Alerts.swift */; };
		535F1576297C5C17007873A8 /* UIViewController+Alerts.swift in Sources */ = {isa = PBXBuildFile; fileRef = 535F1574297C5C17007873A8 /* UIViewController+Alerts.swift */; };
		535F1578297C5C33007873A8 /* UIViewController+Shadows.swift in Sources */ = {isa = PBXBuildFile; fileRef = 535F1577297C5C33007873A8 /* UIViewController+Shadows.swift */; };
		535F1579297C5C33007873A8 /* UIViewController+Shadows.swift in Sources */ = {isa = PBXBuildFile; fileRef = 535F1577297C5C33007873A8 /* UIViewController+Shadows.swift */; };
		535F157B297C5C4A007873A8 /* HideBackTitleNavigationController.swift in Sources */ = {isa = PBXBuildFile; fileRef = 535F157A297C5C4A007873A8 /* HideBackTitleNavigationController.swift */; };
		535F157C297C5C4A007873A8 /* HideBackTitleNavigationController.swift in Sources */ = {isa = PBXBuildFile; fileRef = 535F157A297C5C4A007873A8 /* HideBackTitleNavigationController.swift */; };
		535F1583297C69E6007873A8 /* CharachtersViewController.swift in Sources */ = {isa = PBXBuildFile; fileRef = 535F1582297C69E6007873A8 /* CharachtersViewController.swift */; };
		535F1584297C69E6007873A8 /* CharachtersViewController.swift in Sources */ = {isa = PBXBuildFile; fileRef = 535F1582297C69E6007873A8 /* CharachtersViewController.swift */; };
		535F1587297C6D76007873A8 /* RMTabController.swift in Sources */ = {isa = PBXBuildFile; fileRef = 535F1586297C6D76007873A8 /* RMTabController.swift */; };
		535F1588297C6D76007873A8 /* RMTabController.swift in Sources */ = {isa = PBXBuildFile; fileRef = 535F1586297C6D76007873A8 /* RMTabController.swift */; };
		535F158A297C8544007873A8 /* Representables.swift in Sources */ = {isa = PBXBuildFile; fileRef = 535F1589297C8544007873A8 /* Representables.swift */; };
		535F158B297C8544007873A8 /* Representables.swift in Sources */ = {isa = PBXBuildFile; fileRef = 535F1589297C8544007873A8 /* Representables.swift */; };
		535F158D297D2B5C007873A8 /* CharachterDetailsViewController.swift in Sources */ = {isa = PBXBuildFile; fileRef = 535F158C297D2B5C007873A8 /* CharachterDetailsViewController.swift */; };
		535F158E297D2B5C007873A8 /* CharachterDetailsViewController.swift in Sources */ = {isa = PBXBuildFile; fileRef = 535F158C297D2B5C007873A8 /* CharachterDetailsViewController.swift */; };
		535F1591297D2B77007873A8 /* LocationsViewController.swift in Sources */ = {isa = PBXBuildFile; fileRef = 535F1590297D2B77007873A8 /* LocationsViewController.swift */; };
		535F1592297D2B77007873A8 /* LocationsViewController.swift in Sources */ = {isa = PBXBuildFile; fileRef = 535F1590297D2B77007873A8 /* LocationsViewController.swift */; };
		535F1595297D2B89007873A8 /* EpisodesViewController.swift in Sources */ = {isa = PBXBuildFile; fileRef = 535F1594297D2B89007873A8 /* EpisodesViewController.swift */; };
		535F1596297D2B89007873A8 /* EpisodesViewController.swift in Sources */ = {isa = PBXBuildFile; fileRef = 535F1594297D2B89007873A8 /* EpisodesViewController.swift */; };
		535F159C297D2C63007873A8 /* EpisodesViewModel.swift in Sources */ = {isa = PBXBuildFile; fileRef = 535F159B297D2C63007873A8 /* EpisodesViewModel.swift */; };
		535F159D297D2C63007873A8 /* EpisodesViewModel.swift in Sources */ = {isa = PBXBuildFile; fileRef = 535F159B297D2C63007873A8 /* EpisodesViewModel.swift */; };
		535F159F297D2C6A007873A8 /* LocationsViewModel.swift in Sources */ = {isa = PBXBuildFile; fileRef = 535F159E297D2C6A007873A8 /* LocationsViewModel.swift */; };
		535F15A0297D2C6A007873A8 /* LocationsViewModel.swift in Sources */ = {isa = PBXBuildFile; fileRef = 535F159E297D2C6A007873A8 /* LocationsViewModel.swift */; };
		535F15A2297D2C70007873A8 /* CharachtersViewModel.swift in Sources */ = {isa = PBXBuildFile; fileRef = 535F15A1297D2C70007873A8 /* CharachtersViewModel.swift */; };
		535F15A3297D2C70007873A8 /* CharachtersViewModel.swift in Sources */ = {isa = PBXBuildFile; fileRef = 535F15A1297D2C70007873A8 /* CharachtersViewModel.swift */; };
		535F15A5297D2C75007873A8 /* CharachterDetailsViewModel.swift in Sources */ = {isa = PBXBuildFile; fileRef = 535F15A4297D2C75007873A8 /* CharachterDetailsViewModel.swift */; };
		535F15A6297D2C75007873A8 /* CharachterDetailsViewModel.swift in Sources */ = {isa = PBXBuildFile; fileRef = 535F15A4297D2C75007873A8 /* CharachterDetailsViewModel.swift */; };
		535F15A8297D2EDC007873A8 /* RMLocation.swift in Sources */ = {isa = PBXBuildFile; fileRef = 535F15A7297D2EDC007873A8 /* RMLocation.swift */; };
		535F15A9297D2EDC007873A8 /* RMLocation.swift in Sources */ = {isa = PBXBuildFile; fileRef = 535F15A7297D2EDC007873A8 /* RMLocation.swift */; };
		535F15AB297D2EE3007873A8 /* RMEpisode.swift in Sources */ = {isa = PBXBuildFile; fileRef = 535F15AA297D2EE3007873A8 /* RMEpisode.swift */; };
		535F15AC297D2EE3007873A8 /* RMEpisode.swift in Sources */ = {isa = PBXBuildFile; fileRef = 535F15AA297D2EE3007873A8 /* RMEpisode.swift */; };
		535F15AE297D2EF1007873A8 /* RMCharachter.swift in Sources */ = {isa = PBXBuildFile; fileRef = 535F15AD297D2EF1007873A8 /* RMCharachter.swift */; };
		535F15AF297D2EF1007873A8 /* RMCharachter.swift in Sources */ = {isa = PBXBuildFile; fileRef = 535F15AD297D2EF1007873A8 /* RMCharachter.swift */; };
		535F15B1297D313B007873A8 /* RMData.swift in Sources */ = {isa = PBXBuildFile; fileRef = 535F15B0297D313B007873A8 /* RMData.swift */; };
		535F15B2297D313B007873A8 /* RMData.swift in Sources */ = {isa = PBXBuildFile; fileRef = 535F15B0297D313B007873A8 /* RMData.swift */; };
		535F15B5297D318F007873A8 /* SDWebImage in Frameworks */ = {isa = PBXBuildFile; productRef = 535F15B4297D318F007873A8 /* SDWebImage */; };
/* End PBXBuildFile section */

/* Begin PBXContainerItemProxy section */
		53497258297BE17E00609FA6 /* PBXContainerItemProxy */ = {
			isa = PBXContainerItemProxy;
			containerPortal = 53497239297BE17D00609FA6 /* Project object */;
			proxyType = 1;
			remoteGlobalIDString = 53497240297BE17D00609FA6;
			remoteInfo = RickAndMorty;
		};
		53497262297BE17E00609FA6 /* PBXContainerItemProxy */ = {
			isa = PBXContainerItemProxy;
			containerPortal = 53497239297BE17D00609FA6 /* Project object */;
			proxyType = 1;
			remoteGlobalIDString = 53497240297BE17D00609FA6;
			remoteInfo = RickAndMorty;
		};
/* End PBXContainerItemProxy section */

/* Begin PBXFileReference section */
		53497241297BE17D00609FA6 /* RickAndMorty.app */ = {isa = PBXFileReference; explicitFileType = wrapper.application; includeInIndex = 0; path = RickAndMorty.app; sourceTree = BUILT_PRODUCTS_DIR; };
		53497244297BE17D00609FA6 /* AppDelegate.swift */ = {isa = PBXFileReference; lastKnownFileType = sourcecode.swift; path = AppDelegate.swift; sourceTree = "<group>"; };
		5349724B297BE17D00609FA6 /* Base */ = {isa = PBXFileReference; lastKnownFileType = file.storyboard; name = Base; path = Base.lproj/Main.storyboard; sourceTree = "<group>"; };
		5349724D297BE17E00609FA6 /* Assets.xcassets */ = {isa = PBXFileReference; lastKnownFileType = folder.assetcatalog; path = Assets.xcassets; sourceTree = "<group>"; };
		53497250297BE17E00609FA6 /* Base */ = {isa = PBXFileReference; lastKnownFileType = file.storyboard; name = Base; path = Base.lproj/LaunchScreen.storyboard; sourceTree = "<group>"; };
		53497252297BE17E00609FA6 /* Info.plist */ = {isa = PBXFileReference; lastKnownFileType = text.plist.xml; path = Info.plist; sourceTree = "<group>"; };
		53497257297BE17E00609FA6 /* RickAndMortyTests.xctest */ = {isa = PBXFileReference; explicitFileType = wrapper.cfbundle; includeInIndex = 0; path = RickAndMortyTests.xctest; sourceTree = BUILT_PRODUCTS_DIR; };
		5349725B297BE17E00609FA6 /* RickAndMortyTests.swift */ = {isa = PBXFileReference; lastKnownFileType = sourcecode.swift; path = RickAndMortyTests.swift; sourceTree = "<group>"; };
		53497261297BE17E00609FA6 /* RickAndMortyUITests.xctest */ = {isa = PBXFileReference; explicitFileType = wrapper.cfbundle; includeInIndex = 0; path = RickAndMortyUITests.xctest; sourceTree = BUILT_PRODUCTS_DIR; };
		53497265297BE17E00609FA6 /* RickAndMortyUITests.swift */ = {isa = PBXFileReference; lastKnownFileType = sourcecode.swift; path = RickAndMortyUITests.swift; sourceTree = "<group>"; };
		53497267297BE17E00609FA6 /* RickAndMortyUITestsLaunchTests.swift */ = {isa = PBXFileReference; lastKnownFileType = sourcecode.swift; path = RickAndMortyUITestsLaunchTests.swift; sourceTree = "<group>"; };
		53497280297BE2A300609FA6 /* AppCoordinator.swift */ = {isa = PBXFileReference; lastKnownFileType = sourcecode.swift; path = AppCoordinator.swift; sourceTree = "<group>"; };
		53497282297BE2E300609FA6 /* Engine.swift */ = {isa = PBXFileReference; lastKnownFileType = sourcecode.swift; path = Engine.swift; sourceTree = "<group>"; };
		53497285297BE33800609FA6 /* NetworkClient.swift */ = {isa = PBXFileReference; lastKnownFileType = sourcecode.swift; path = NetworkClient.swift; sourceTree = "<group>"; };
		53497289297BE35B00609FA6 /* EndPointType.swift */ = {isa = PBXFileReference; lastKnownFileType = sourcecode.swift; path = EndPointType.swift; sourceTree = "<group>"; };
		5349728C297BE37D00609FA6 /* Results.swift */ = {isa = PBXFileReference; lastKnownFileType = sourcecode.swift; path = Results.swift; sourceTree = "<group>"; };
		5349728F297BE39E00609FA6 /* RMNetworkClient.swift */ = {isa = PBXFileReference; lastKnownFileType = sourcecode.swift; path = RMNetworkClient.swift; sourceTree = "<group>"; };
		535F154D297C524D007873A8 /* RMService.swift */ = {isa = PBXFileReference; lastKnownFileType = sourcecode.swift; path = RMService.swift; sourceTree = "<group>"; };
		535F1553297C5354007873A8 /* RMNetworkService.swift */ = {isa = PBXFileReference; lastKnownFileType = sourcecode.swift; path = RMNetworkService.swift; sourceTree = "<group>"; };
		535F1556297C5362007873A8 /* RMMockService.swift */ = {isa = PBXFileReference; lastKnownFileType = sourcecode.swift; path = RMMockService.swift; sourceTree = "<group>"; };
		535F1559297C542C007873A8 /* RMEndPoints.swift */ = {isa = PBXFileReference; lastKnownFileType = sourcecode.swift; path = RMEndPoints.swift; sourceTree = "<group>"; };
		535F155D297C5578007873A8 /* RMError.swift */ = {isa = PBXFileReference; lastKnownFileType = sourcecode.swift; path = RMError.swift; sourceTree = "<group>"; };
		535F1564297C5B24007873A8 /* RMEpisodesCoordinator.swift */ = {isa = PBXFileReference; lastKnownFileType = sourcecode.swift; path = RMEpisodesCoordinator.swift; sourceTree = "<group>"; };
		535F1567297C5B37007873A8 /* RMCharachtersCoordinator.swift */ = {isa = PBXFileReference; lastKnownFileType = sourcecode.swift; path = RMCharachtersCoordinator.swift; sourceTree = "<group>"; };
		535F156A297C5B42007873A8 /* RMLocationsCoordinator.swift */ = {isa = PBXFileReference; lastKnownFileType = sourcecode.swift; path = RMLocationsCoordinator.swift; sourceTree = "<group>"; };
		535F156D297C5BC5007873A8 /* Spawnable.swift */ = {isa = PBXFileReference; lastKnownFileType = sourcecode.swift; path = Spawnable.swift; sourceTree = "<group>"; };
		535F1571297C5BE4007873A8 /* Reusable.swift */ = {isa = PBXFileReference; lastKnownFileType = sourcecode.swift; path = Reusable.swift; sourceTree = "<group>"; };
		535F1574297C5C17007873A8 /* UIViewController+Alerts.swift */ = {isa = PBXFileReference; lastKnownFileType = sourcecode.swift; path = "UIViewController+Alerts.swift"; sourceTree = "<group>"; };
		535F1577297C5C33007873A8 /* UIViewController+Shadows.swift */ = {isa = PBXFileReference; lastKnownFileType = sourcecode.swift; path = "UIViewController+Shadows.swift"; sourceTree = "<group>"; };
		535F157A297C5C4A007873A8 /* HideBackTitleNavigationController.swift */ = {isa = PBXFileReference; lastKnownFileType = sourcecode.swift; path = HideBackTitleNavigationController.swift; sourceTree = "<group>"; };
		535F1582297C69E6007873A8 /* CharachtersViewController.swift */ = {isa = PBXFileReference; lastKnownFileType = sourcecode.swift; path = CharachtersViewController.swift; sourceTree = "<group>"; };
		535F1586297C6D76007873A8 /* RMTabController.swift */ = {isa = PBXFileReference; lastKnownFileType = sourcecode.swift; path = RMTabController.swift; sourceTree = "<group>"; };
		535F1589297C8544007873A8 /* Representables.swift */ = {isa = PBXFileReference; lastKnownFileType = sourcecode.swift; path = Representables.swift; sourceTree = "<group>"; };
		535F158C297D2B5C007873A8 /* CharachterDetailsViewController.swift */ = {isa = PBXFileReference; lastKnownFileType = sourcecode.swift; path = CharachterDetailsViewController.swift; sourceTree = "<group>"; };
		535F1590297D2B77007873A8 /* LocationsViewController.swift */ = {isa = PBXFileReference; lastKnownFileType = sourcecode.swift; path = LocationsViewController.swift; sourceTree = "<group>"; };
		535F1594297D2B89007873A8 /* EpisodesViewController.swift */ = {isa = PBXFileReference; lastKnownFileType = sourcecode.swift; path = EpisodesViewController.swift; sourceTree = "<group>"; };
		535F159B297D2C63007873A8 /* EpisodesViewModel.swift */ = {isa = PBXFileReference; lastKnownFileType = sourcecode.swift; path = EpisodesViewModel.swift; sourceTree = "<group>"; };
		535F159E297D2C6A007873A8 /* LocationsViewModel.swift */ = {isa = PBXFileReference; lastKnownFileType = sourcecode.swift; path = LocationsViewModel.swift; sourceTree = "<group>"; };
		535F15A1297D2C70007873A8 /* CharachtersViewModel.swift */ = {isa = PBXFileReference; lastKnownFileType = sourcecode.swift; path = CharachtersViewModel.swift; sourceTree = "<group>"; };
		535F15A4297D2C75007873A8 /* CharachterDetailsViewModel.swift */ = {isa = PBXFileReference; lastKnownFileType = sourcecode.swift; path = CharachterDetailsViewModel.swift; sourceTree = "<group>"; };
		535F15A7297D2EDC007873A8 /* RMLocation.swift */ = {isa = PBXFileReference; lastKnownFileType = sourcecode.swift; path = RMLocation.swift; sourceTree = "<group>"; };
		535F15AA297D2EE3007873A8 /* RMEpisode.swift */ = {isa = PBXFileReference; lastKnownFileType = sourcecode.swift; path = RMEpisode.swift; sourceTree = "<group>"; };
		535F15AD297D2EF1007873A8 /* RMCharachter.swift */ = {isa = PBXFileReference; lastKnownFileType = sourcecode.swift; path = RMCharachter.swift; sourceTree = "<group>"; };
		535F15B0297D313B007873A8 /* RMData.swift */ = {isa = PBXFileReference; lastKnownFileType = sourcecode.swift; path = RMData.swift; sourceTree = "<group>"; };
/* End PBXFileReference section */

/* Begin PBXFrameworksBuildPhase section */
		5349723E297BE17D00609FA6 /* Frameworks */ = {
			isa = PBXFrameworksBuildPhase;
			buildActionMask = 2147483647;
			files = (
				535F15B5297D318F007873A8 /* SDWebImage in Frameworks */,
			);
			runOnlyForDeploymentPostprocessing = 0;
		};
		53497254297BE17E00609FA6 /* Frameworks */ = {
			isa = PBXFrameworksBuildPhase;
			buildActionMask = 2147483647;
			files = (
			);
			runOnlyForDeploymentPostprocessing = 0;
		};
		5349725E297BE17E00609FA6 /* Frameworks */ = {
			isa = PBXFrameworksBuildPhase;
			buildActionMask = 2147483647;
			files = (
			);
			runOnlyForDeploymentPostprocessing = 0;
		};
/* End PBXFrameworksBuildPhase section */

/* Begin PBXGroup section */
		53497238297BE17D00609FA6 = {
			isa = PBXGroup;
			children = (
				53497243297BE17D00609FA6 /* RickAndMorty */,
				5349725A297BE17E00609FA6 /* RickAndMortyTests */,
				53497264297BE17E00609FA6 /* RickAndMortyUITests */,
				53497242297BE17D00609FA6 /* Products */,
			);
			sourceTree = "<group>";
		};
		53497242297BE17D00609FA6 /* Products */ = {
			isa = PBXGroup;
			children = (
				53497241297BE17D00609FA6 /* RickAndMorty.app */,
				53497257297BE17E00609FA6 /* RickAndMortyTests.xctest */,
				53497261297BE17E00609FA6 /* RickAndMortyUITests.xctest */,
			);
			name = Products;
			sourceTree = "<group>";
		};
		53497243297BE17D00609FA6 /* RickAndMorty */ = {
			isa = PBXGroup;
			children = (
				5349727A297BE1F000609FA6 /* Application */,
				53497279297BE1D900609FA6 /* EngineModule */,
				53497275297BE1AA00609FA6 /* Class */,
				53497274297BE19700609FA6 /* Resources */,
				53497252297BE17E00609FA6 /* Info.plist */,
			);
			path = RickAndMorty;
			sourceTree = "<group>";
		};
		5349725A297BE17E00609FA6 /* RickAndMortyTests */ = {
			isa = PBXGroup;
			children = (
				5349725B297BE17E00609FA6 /* RickAndMortyTests.swift */,
			);
			path = RickAndMortyTests;
			sourceTree = "<group>";
		};
		53497264297BE17E00609FA6 /* RickAndMortyUITests */ = {
			isa = PBXGroup;
			children = (
				53497265297BE17E00609FA6 /* RickAndMortyUITests.swift */,
				53497267297BE17E00609FA6 /* RickAndMortyUITestsLaunchTests.swift */,
			);
			path = RickAndMortyUITests;
			sourceTree = "<group>";
		};
		53497274297BE19700609FA6 /* Resources */ = {
			isa = PBXGroup;
			children = (
				5349724D297BE17E00609FA6 /* Assets.xcassets */,
				5349724F297BE17E00609FA6 /* LaunchScreen.storyboard */,
			);
			path = Resources;
			sourceTree = "<group>";
		};
		53497275297BE1AA00609FA6 /* Class */ = {
			isa = PBXGroup;
			children = (
				535F1570297C5BD4007873A8 /* Extensions */,
				53497278297BE1CC00609FA6 /* Protocols */,
				53497277297BE1BD00609FA6 /* Coordinators */,
				53497276297BE1B500609FA6 /* Controllers */,
			);
			path = Class;
			sourceTree = "<group>";
		};
		53497276297BE1B500609FA6 /* Controllers */ = {
			isa = PBXGroup;
			children = (
				5349724A297BE17D00609FA6 /* Main.storyboard */,
				535F157D297C694A007873A8 /* 1-Charachters */,
				535F157E297C6981007873A8 /* 2-Locations */,
				535F157F297C698E007873A8 /* 3-Episodes */,
				535F1585297C6D4E007873A8 /* x-Common */,
			);
			path = Controllers;
			sourceTree = "<group>";
		};
		53497277297BE1BD00609FA6 /* Coordinators */ = {
			isa = PBXGroup;
			children = (
				53497280297BE2A300609FA6 /* AppCoordinator.swift */,
				535F1567297C5B37007873A8 /* RMCharachtersCoordinator.swift */,
				535F156A297C5B42007873A8 /* RMLocationsCoordinator.swift */,
				535F1564297C5B24007873A8 /* RMEpisodesCoordinator.swift */,
			);
			path = Coordinators;
			sourceTree = "<group>";
		};
		53497278297BE1CC00609FA6 /* Protocols */ = {
			isa = PBXGroup;
			children = (
				535F156D297C5BC5007873A8 /* Spawnable.swift */,
				535F1589297C8544007873A8 /* Representables.swift */,
			);
			path = Protocols;
			sourceTree = "<group>";
		};
		53497279297BE1D900609FA6 /* EngineModule */ = {
			isa = PBXGroup;
			children = (
				5349727F297BE23300609FA6 /* Engine */,
				5349727E297BE22700609FA6 /* Services */,
				5349727D297BE21F00609FA6 /* Utils */,
				5349727C297BE21800609FA6 /* Network Capabilities */,
				5349727B297BE21200609FA6 /* Models */,
			);
			path = EngineModule;
			sourceTree = "<group>";
		};
		5349727A297BE1F000609FA6 /* Application */ = {
			isa = PBXGroup;
			children = (
				53497244297BE17D00609FA6 /* AppDelegate.swift */,
			);
			path = Application;
			sourceTree = "<group>";
		};
		5349727B297BE21200609FA6 /* Models */ = {
			isa = PBXGroup;
			children = (
				535F15B0297D313B007873A8 /* RMData.swift */,
				535F15A7297D2EDC007873A8 /* RMLocation.swift */,
				535F15AA297D2EE3007873A8 /* RMEpisode.swift */,
				535F15AD297D2EF1007873A8 /* RMCharachter.swift */,
			);
			path = Models;
			sourceTree = "<group>";
		};
		5349727C297BE21800609FA6 /* Network Capabilities */ = {
			isa = PBXGroup;
			children = (
				53497288297BE35000609FA6 /* EndPoints */,
				53497284297BE32800609FA6 /* NetworkClient */,
			);
			path = "Network Capabilities";
			sourceTree = "<group>";
		};
		5349727D297BE21F00609FA6 /* Utils */ = {
			isa = PBXGroup;
			children = (
				5349728C297BE37D00609FA6 /* Results.swift */,
				535F155D297C5578007873A8 /* RMError.swift */,
			);
			path = Utils;
			sourceTree = "<group>";
		};
		5349727E297BE22700609FA6 /* Services */ = {
			isa = PBXGroup;
			children = (
				535F1550297C532F007873A8 /* RMService */,
			);
			path = Services;
			sourceTree = "<group>";
		};
		5349727F297BE23300609FA6 /* Engine */ = {
			isa = PBXGroup;
			children = (
				53497282297BE2E300609FA6 /* Engine.swift */,
			);
			path = Engine;
			sourceTree = "<group>";
		};
		53497284297BE32800609FA6 /* NetworkClient */ = {
			isa = PBXGroup;
			children = (
				53497285297BE33800609FA6 /* NetworkClient.swift */,
				5349728F297BE39E00609FA6 /* RMNetworkClient.swift */,
			);
			path = NetworkClient;
			sourceTree = "<group>";
		};
		53497288297BE35000609FA6 /* EndPoints */ = {
			isa = PBXGroup;
			children = (
				53497289297BE35B00609FA6 /* EndPointType.swift */,
				535F155C297C54D9007873A8 /* RMEndPoints */,
			);
			path = EndPoints;
			sourceTree = "<group>";
		};
		535F1550297C532F007873A8 /* RMService */ = {
			isa = PBXGroup;
			children = (
				535F154D297C524D007873A8 /* RMService.swift */,
				535F1552297C5341007873A8 /* Network */,
				535F1551297C533A007873A8 /* Mocked */,
			);
			path = RMService;
			sourceTree = "<group>";
		};
		535F1551297C533A007873A8 /* Mocked */ = {
			isa = PBXGroup;
			children = (
				535F1556297C5362007873A8 /* RMMockService.swift */,
			);
			path = Mocked;
			sourceTree = "<group>";
		};
		535F1552297C5341007873A8 /* Network */ = {
			isa = PBXGroup;
			children = (
				535F1553297C5354007873A8 /* RMNetworkService.swift */,
			);
			path = Network;
			sourceTree = "<group>";
		};
		535F155C297C54D9007873A8 /* RMEndPoints */ = {
			isa = PBXGroup;
			children = (
				535F1559297C542C007873A8 /* RMEndPoints.swift */,
			);
			path = RMEndPoints;
			sourceTree = "<group>";
		};
		535F1570297C5BD4007873A8 /* Extensions */ = {
			isa = PBXGroup;
			children = (
				535F1571297C5BE4007873A8 /* Reusable.swift */,
				535F1574297C5C17007873A8 /* UIViewController+Alerts.swift */,
				535F1577297C5C33007873A8 /* UIViewController+Shadows.swift */,
				535F157A297C5C4A007873A8 /* HideBackTitleNavigationController.swift */,
			);
			path = Extensions;
			sourceTree = "<group>";
		};
		535F157D297C694A007873A8 /* 1-Charachters */ = {
			isa = PBXGroup;
			children = (
				535F1581297C69CB007873A8 /* CharachterDetailsViewController */,
				535F1580297C69BB007873A8 /* CharachtersViewController */,
			);
			path = "1-Charachters";
			sourceTree = "<group>";
		};
		535F157E297C6981007873A8 /* 2-Locations */ = {
			isa = PBXGroup;
			children = (
				535F158F297D2B64007873A8 /* LocationsViewController */,
			);
			path = "2-Locations";
			sourceTree = "<group>";
		};
		535F157F297C698E007873A8 /* 3-Episodes */ = {
			isa = PBXGroup;
			children = (
				535F1593297D2B7B007873A8 /* EpisodesViewController */,
			);
			path = "3-Episodes";
			sourceTree = "<group>";
		};
		535F1580297C69BB007873A8 /* CharachtersViewController */ = {
			isa = PBXGroup;
			children = (
				535F1599297D2C42007873A8 /* CharachtersViewModel */,
				535F1582297C69E6007873A8 /* CharachtersViewController.swift */,
			);
			path = CharachtersViewController;
			sourceTree = "<group>";
		};
		535F1581297C69CB007873A8 /* CharachterDetailsViewController */ = {
			isa = PBXGroup;
			children = (
				535F159A297D2C4B007873A8 /* CharachterDetailsViewModel */,
				535F158C297D2B5C007873A8 /* CharachterDetailsViewController.swift */,
			);
			path = CharachterDetailsViewController;
			sourceTree = "<group>";
		};
		535F1585297C6D4E007873A8 /* x-Common */ = {
			isa = PBXGroup;
			children = (
				535F1586297C6D76007873A8 /* RMTabController.swift */,
			);
			path = "x-Common";
			sourceTree = "<group>";
		};
		535F158F297D2B64007873A8 /* LocationsViewController */ = {
			isa = PBXGroup;
			children = (
				535F1597297D2C21007873A8 /* LocationsViewModel */,
				535F1590297D2B77007873A8 /* LocationsViewController.swift */,
			);
			path = LocationsViewController;
			sourceTree = "<group>";
		};
		535F1593297D2B7B007873A8 /* EpisodesViewController */ = {
			isa = PBXGroup;
			children = (
				535F1598297D2C31007873A8 /* EpisodesViewModel */,
				535F1594297D2B89007873A8 /* EpisodesViewController.swift */,
			);
			path = EpisodesViewController;
			sourceTree = "<group>";
		};
		535F1597297D2C21007873A8 /* LocationsViewModel */ = {
			isa = PBXGroup;
			children = (
				535F159E297D2C6A007873A8 /* LocationsViewModel.swift */,
			);
			path = LocationsViewModel;
			sourceTree = "<group>";
		};
		535F1598297D2C31007873A8 /* EpisodesViewModel */ = {
			isa = PBXGroup;
			children = (
				535F159B297D2C63007873A8 /* EpisodesViewModel.swift */,
			);
			path = EpisodesViewModel;
			sourceTree = "<group>";
		};
		535F1599297D2C42007873A8 /* CharachtersViewModel */ = {
			isa = PBXGroup;
			children = (
				535F15A1297D2C70007873A8 /* CharachtersViewModel.swift */,
			);
			path = CharachtersViewModel;
			sourceTree = "<group>";
		};
		535F159A297D2C4B007873A8 /* CharachterDetailsViewModel */ = {
			isa = PBXGroup;
			children = (
				535F15A4297D2C75007873A8 /* CharachterDetailsViewModel.swift */,
			);
			path = CharachterDetailsViewModel;
			sourceTree = "<group>";
		};
/* End PBXGroup section */

/* Begin PBXNativeTarget section */
		53497240297BE17D00609FA6 /* RickAndMorty */ = {
			isa = PBXNativeTarget;
			buildConfigurationList = 5349726B297BE17E00609FA6 /* Build configuration list for PBXNativeTarget "RickAndMorty" */;
			buildPhases = (
				5349723D297BE17D00609FA6 /* Sources */,
				5349723E297BE17D00609FA6 /* Frameworks */,
				5349723F297BE17D00609FA6 /* Resources */,
			);
			buildRules = (
			);
			dependencies = (
			);
			name = RickAndMorty;
			packageProductDependencies = (
				535F15B4297D318F007873A8 /* SDWebImage */,
			);
			productName = RickAndMorty;
			productReference = 53497241297BE17D00609FA6 /* RickAndMorty.app */;
			productType = "com.apple.product-type.application";
		};
		53497256297BE17E00609FA6 /* RickAndMortyTests */ = {
			isa = PBXNativeTarget;
			buildConfigurationList = 5349726E297BE17E00609FA6 /* Build configuration list for PBXNativeTarget "RickAndMortyTests" */;
			buildPhases = (
				53497253297BE17E00609FA6 /* Sources */,
				53497254297BE17E00609FA6 /* Frameworks */,
				53497255297BE17E00609FA6 /* Resources */,
			);
			buildRules = (
			);
			dependencies = (
				53497259297BE17E00609FA6 /* PBXTargetDependency */,
			);
			name = RickAndMortyTests;
			productName = RickAndMortyTests;
			productReference = 53497257297BE17E00609FA6 /* RickAndMortyTests.xctest */;
			productType = "com.apple.product-type.bundle.unit-test";
		};
		53497260297BE17E00609FA6 /* RickAndMortyUITests */ = {
			isa = PBXNativeTarget;
			buildConfigurationList = 53497271297BE17E00609FA6 /* Build configuration list for PBXNativeTarget "RickAndMortyUITests" */;
			buildPhases = (
				5349725D297BE17E00609FA6 /* Sources */,
				5349725E297BE17E00609FA6 /* Frameworks */,
				5349725F297BE17E00609FA6 /* Resources */,
			);
			buildRules = (
			);
			dependencies = (
				53497263297BE17E00609FA6 /* PBXTargetDependency */,
			);
			name = RickAndMortyUITests;
			productName = RickAndMortyUITests;
			productReference = 53497261297BE17E00609FA6 /* RickAndMortyUITests.xctest */;
			productType = "com.apple.product-type.bundle.ui-testing";
		};
/* End PBXNativeTarget section */

/* Begin PBXProject section */
		53497239297BE17D00609FA6 /* Project object */ = {
			isa = PBXProject;
			attributes = {
				BuildIndependentTargetsInParallel = 1;
				LastSwiftUpdateCheck = 1400;
				LastUpgradeCheck = 1400;
				TargetAttributes = {
					53497240297BE17D00609FA6 = {
						CreatedOnToolsVersion = 14.0;
					};
					53497256297BE17E00609FA6 = {
						CreatedOnToolsVersion = 14.0;
						TestTargetID = 53497240297BE17D00609FA6;
					};
					53497260297BE17E00609FA6 = {
						CreatedOnToolsVersion = 14.0;
						TestTargetID = 53497240297BE17D00609FA6;
					};
				};
			};
			buildConfigurationList = 5349723C297BE17D00609FA6 /* Build configuration list for PBXProject "RickAndMorty" */;
			compatibilityVersion = "Xcode 14.0";
			developmentRegion = en;
			hasScannedForEncodings = 0;
			knownRegions = (
				en,
				Base,
			);
			mainGroup = 53497238297BE17D00609FA6;
			packageReferences = (
				535F15B3297D318F007873A8 /* XCRemoteSwiftPackageReference "SDWebImage" */,
			);
			productRefGroup = 53497242297BE17D00609FA6 /* Products */;
			projectDirPath = "";
			projectRoot = "";
			targets = (
				53497240297BE17D00609FA6 /* RickAndMorty */,
				53497256297BE17E00609FA6 /* RickAndMortyTests */,
				53497260297BE17E00609FA6 /* RickAndMortyUITests */,
			);
		};
/* End PBXProject section */

/* Begin PBXResourcesBuildPhase section */
		5349723F297BE17D00609FA6 /* Resources */ = {
			isa = PBXResourcesBuildPhase;
			buildActionMask = 2147483647;
			files = (
				53497251297BE17E00609FA6 /* LaunchScreen.storyboard in Resources */,
				5349724E297BE17E00609FA6 /* Assets.xcassets in Resources */,
				5349724C297BE17D00609FA6 /* Main.storyboard in Resources */,
			);
			runOnlyForDeploymentPostprocessing = 0;
		};
		53497255297BE17E00609FA6 /* Resources */ = {
			isa = PBXResourcesBuildPhase;
			buildActionMask = 2147483647;
			files = (
			);
			runOnlyForDeploymentPostprocessing = 0;
		};
		5349725F297BE17E00609FA6 /* Resources */ = {
			isa = PBXResourcesBuildPhase;
			buildActionMask = 2147483647;
			files = (
			);
			runOnlyForDeploymentPostprocessing = 0;
		};
/* End PBXResourcesBuildPhase section */

/* Begin PBXSourcesBuildPhase section */
		5349723D297BE17D00609FA6 /* Sources */ = {
			isa = PBXSourcesBuildPhase;
			buildActionMask = 2147483647;
			files = (
				53497290297BE39E00609FA6 /* RMNetworkClient.swift in Sources */,
				535F15AE297D2EF1007873A8 /* RMCharachter.swift in Sources */,
				535F156E297C5BC5007873A8 /* Spawnable.swift in Sources */,
				535F158D297D2B5C007873A8 /* CharachterDetailsViewController.swift in Sources */,
				535F159F297D2C6A007873A8 /* LocationsViewModel.swift in Sources */,
				53497281297BE2A300609FA6 /* AppCoordinator.swift in Sources */,
				53497286297BE33800609FA6 /* NetworkClient.swift in Sources */,
				5349728A297BE35B00609FA6 /* EndPointType.swift in Sources */,
				535F1591297D2B77007873A8 /* LocationsViewController.swift in Sources */,
				5349728D297BE37D00609FA6 /* Results.swift in Sources */,
				535F1575297C5C17007873A8 /* UIViewController+Alerts.swift in Sources */,
				535F1583297C69E6007873A8 /* CharachtersViewController.swift in Sources */,
				535F158A297C8544007873A8 /* Representables.swift in Sources */,
				535F159C297D2C63007873A8 /* EpisodesViewModel.swift in Sources */,
				535F1587297C6D76007873A8 /* RMTabController.swift in Sources */,
				535F155E297C5578007873A8 /* RMError.swift in Sources */,
				535F156B297C5B42007873A8 /* RMLocationsCoordinator.swift in Sources */,
				53497283297BE2E300609FA6 /* Engine.swift in Sources */,
				535F1578297C5C33007873A8 /* UIViewController+Shadows.swift in Sources */,
				535F15AB297D2EE3007873A8 /* RMEpisode.swift in Sources */,
				535F1554297C5354007873A8 /* RMNetworkService.swift in Sources */,
				535F1565297C5B24007873A8 /* RMEpisodesCoordinator.swift in Sources */,
				535F15A2297D2C70007873A8 /* CharachtersViewModel.swift in Sources */,
				535F1572297C5BE4007873A8 /* Reusable.swift in Sources */,
				535F15B1297D313B007873A8 /* RMData.swift in Sources */,
				535F1568297C5B37007873A8 /* RMCharachtersCoordinator.swift in Sources */,
				535F157B297C5C4A007873A8 /* HideBackTitleNavigationController.swift in Sources */,
				535F1557297C5362007873A8 /* RMMockService.swift in Sources */,
				535F15A8297D2EDC007873A8 /* RMLocation.swift in Sources */,
				53497245297BE17D00609FA6 /* AppDelegate.swift in Sources */,
				535F154E297C524D007873A8 /* RMService.swift in Sources */,
				535F1595297D2B89007873A8 /* EpisodesViewController.swift in Sources */,
				535F15A5297D2C75007873A8 /* CharachterDetailsViewModel.swift in Sources */,
				535F155A297C542C007873A8 /* RMEndPoints.swift in Sources */,
			);
			runOnlyForDeploymentPostprocessing = 0;
		};
		53497253297BE17E00609FA6 /* Sources */ = {
			isa = PBXSourcesBuildPhase;
			buildActionMask = 2147483647;
			files = (
				535F15B2297D313B007873A8 /* RMData.swift in Sources */,
				535F1558297C5362007873A8 /* RMMockService.swift in Sources */,
				5349725C297BE17E00609FA6 /* RickAndMortyTests.swift in Sources */,
				535F158B297C8544007873A8 /* Representables.swift in Sources */,
				53497287297BE33800609FA6 /* NetworkClient.swift in Sources */,
				535F1555297C5354007873A8 /* RMNetworkService.swift in Sources */,
				535F1569297C5B37007873A8 /* RMCharachtersCoordinator.swift in Sources */,
				535F159D297D2C63007873A8 /* EpisodesViewModel.swift in Sources */,
				535F15A0297D2C6A007873A8 /* LocationsViewModel.swift in Sources */,
				535F15A6297D2C75007873A8 /* CharachterDetailsViewModel.swift in Sources */,
				535F154F297C524D007873A8 /* RMService.swift in Sources */,
				535F1584297C69E6007873A8 /* CharachtersViewController.swift in Sources */,
				535F156C297C5B42007873A8 /* RMLocationsCoordinator.swift in Sources */,
				535F15AC297D2EE3007873A8 /* RMEpisode.swift in Sources */,
				535F157C297C5C4A007873A8 /* HideBackTitleNavigationController.swift in Sources */,
				535F15A9297D2EDC007873A8 /* RMLocation.swift in Sources */,
				535F158E297D2B5C007873A8 /* CharachterDetailsViewController.swift in Sources */,
				535F15AF297D2EF1007873A8 /* RMCharachter.swift in Sources */,
				535F1566297C5B25007873A8 /* RMEpisodesCoordinator.swift in Sources */,
				535F1588297C6D76007873A8 /* RMTabController.swift in Sources */,
				5349728E297BE37D00609FA6 /* Results.swift in Sources */,
				535F1592297D2B77007873A8 /* LocationsViewController.swift in Sources */,
				535F1579297C5C33007873A8 /* UIViewController+Shadows.swift in Sources */,
				535F1573297C5BE4007873A8 /* Reusable.swift in Sources */,
				535F156F297C5BC5007873A8 /* Spawnable.swift in Sources */,
				535F1596297D2B89007873A8 /* EpisodesViewController.swift in Sources */,
				535F1576297C5C17007873A8 /* UIViewController+Alerts.swift in Sources */,
				535F15A3297D2C70007873A8 /* CharachtersViewModel.swift in Sources */,
				5349728B297BE35B00609FA6 /* EndPointType.swift in Sources */,
				53497291297BE39E00609FA6 /* RMNetworkClient.swift in Sources */,
				535F155B297C542C007873A8 /* RMEndPoints.swift in Sources */,
				535F155F297C5578007873A8 /* RMError.swift in Sources */,
			);
			runOnlyForDeploymentPostprocessing = 0;
		};
		5349725D297BE17E00609FA6 /* Sources */ = {
			isa = PBXSourcesBuildPhase;
			buildActionMask = 2147483647;
			files = (
				53497266297BE17E00609FA6 /* RickAndMortyUITests.swift in Sources */,
				53497268297BE17E00609FA6 /* RickAndMortyUITestsLaunchTests.swift in Sources */,
			);
			runOnlyForDeploymentPostprocessing = 0;
		};
/* End PBXSourcesBuildPhase section */

/* Begin PBXTargetDependency section */
		53497259297BE17E00609FA6 /* PBXTargetDependency */ = {
			isa = PBXTargetDependency;
			target = 53497240297BE17D00609FA6 /* RickAndMorty */;
			targetProxy = 53497258297BE17E00609FA6 /* PBXContainerItemProxy */;
		};
		53497263297BE17E00609FA6 /* PBXTargetDependency */ = {
			isa = PBXTargetDependency;
			target = 53497240297BE17D00609FA6 /* RickAndMorty */;
			targetProxy = 53497262297BE17E00609FA6 /* PBXContainerItemProxy */;
		};
/* End PBXTargetDependency section */

/* Begin PBXVariantGroup section */
		5349724A297BE17D00609FA6 /* Main.storyboard */ = {
			isa = PBXVariantGroup;
			children = (
				5349724B297BE17D00609FA6 /* Base */,
			);
			name = Main.storyboard;
			sourceTree = "<group>";
		};
		5349724F297BE17E00609FA6 /* LaunchScreen.storyboard */ = {
			isa = PBXVariantGroup;
			children = (
				53497250297BE17E00609FA6 /* Base */,
			);
			name = LaunchScreen.storyboard;
			sourceTree = "<group>";
		};
/* End PBXVariantGroup section */

/* Begin XCBuildConfiguration section */
		53497269297BE17E00609FA6 /* Debug */ = {
			isa = XCBuildConfiguration;
			buildSettings = {
				ALWAYS_SEARCH_USER_PATHS = NO;
				CLANG_ANALYZER_NONNULL = YES;
				CLANG_ANALYZER_NUMBER_OBJECT_CONVERSION = YES_AGGRESSIVE;
				CLANG_CXX_LANGUAGE_STANDARD = "gnu++20";
				CLANG_ENABLE_MODULES = YES;
				CLANG_ENABLE_OBJC_ARC = YES;
				CLANG_ENABLE_OBJC_WEAK = YES;
				CLANG_WARN_BLOCK_CAPTURE_AUTORELEASING = YES;
				CLANG_WARN_BOOL_CONVERSION = YES;
				CLANG_WARN_COMMA = YES;
				CLANG_WARN_CONSTANT_CONVERSION = YES;
				CLANG_WARN_DEPRECATED_OBJC_IMPLEMENTATIONS = YES;
				CLANG_WARN_DIRECT_OBJC_ISA_USAGE = YES_ERROR;
				CLANG_WARN_DOCUMENTATION_COMMENTS = YES;
				CLANG_WARN_EMPTY_BODY = YES;
				CLANG_WARN_ENUM_CONVERSION = YES;
				CLANG_WARN_INFINITE_RECURSION = YES;
				CLANG_WARN_INT_CONVERSION = YES;
				CLANG_WARN_NON_LITERAL_NULL_CONVERSION = YES;
				CLANG_WARN_OBJC_IMPLICIT_RETAIN_SELF = YES;
				CLANG_WARN_OBJC_LITERAL_CONVERSION = YES;
				CLANG_WARN_OBJC_ROOT_CLASS = YES_ERROR;
				CLANG_WARN_QUOTED_INCLUDE_IN_FRAMEWORK_HEADER = YES;
				CLANG_WARN_RANGE_LOOP_ANALYSIS = YES;
				CLANG_WARN_STRICT_PROTOTYPES = YES;
				CLANG_WARN_SUSPICIOUS_MOVE = YES;
				CLANG_WARN_UNGUARDED_AVAILABILITY = YES_AGGRESSIVE;
				CLANG_WARN_UNREACHABLE_CODE = YES;
				CLANG_WARN__DUPLICATE_METHOD_MATCH = YES;
				COPY_PHASE_STRIP = NO;
				DEBUG_INFORMATION_FORMAT = dwarf;
				ENABLE_STRICT_OBJC_MSGSEND = YES;
				ENABLE_TESTABILITY = YES;
				GCC_C_LANGUAGE_STANDARD = gnu11;
				GCC_DYNAMIC_NO_PIC = NO;
				GCC_NO_COMMON_BLOCKS = YES;
				GCC_OPTIMIZATION_LEVEL = 0;
				GCC_PREPROCESSOR_DEFINITIONS = (
					"DEBUG=1",
					"$(inherited)",
				);
				GCC_WARN_64_TO_32_BIT_CONVERSION = YES;
				GCC_WARN_ABOUT_RETURN_TYPE = YES_ERROR;
				GCC_WARN_UNDECLARED_SELECTOR = YES;
				GCC_WARN_UNINITIALIZED_AUTOS = YES_AGGRESSIVE;
				GCC_WARN_UNUSED_FUNCTION = YES;
				GCC_WARN_UNUSED_VARIABLE = YES;
				IPHONEOS_DEPLOYMENT_TARGET = 16.0;
				MTL_ENABLE_DEBUG_INFO = INCLUDE_SOURCE;
				MTL_FAST_MATH = YES;
				ONLY_ACTIVE_ARCH = YES;
				SDKROOT = iphoneos;
				SWIFT_ACTIVE_COMPILATION_CONDITIONS = DEBUG;
				SWIFT_OPTIMIZATION_LEVEL = "-Onone";
			};
			name = Debug;
		};
		5349726A297BE17E00609FA6 /* Release */ = {
			isa = XCBuildConfiguration;
			buildSettings = {
				ALWAYS_SEARCH_USER_PATHS = NO;
				CLANG_ANALYZER_NONNULL = YES;
				CLANG_ANALYZER_NUMBER_OBJECT_CONVERSION = YES_AGGRESSIVE;
				CLANG_CXX_LANGUAGE_STANDARD = "gnu++20";
				CLANG_ENABLE_MODULES = YES;
				CLANG_ENABLE_OBJC_ARC = YES;
				CLANG_ENABLE_OBJC_WEAK = YES;
				CLANG_WARN_BLOCK_CAPTURE_AUTORELEASING = YES;
				CLANG_WARN_BOOL_CONVERSION = YES;
				CLANG_WARN_COMMA = YES;
				CLANG_WARN_CONSTANT_CONVERSION = YES;
				CLANG_WARN_DEPRECATED_OBJC_IMPLEMENTATIONS = YES;
				CLANG_WARN_DIRECT_OBJC_ISA_USAGE = YES_ERROR;
				CLANG_WARN_DOCUMENTATION_COMMENTS = YES;
				CLANG_WARN_EMPTY_BODY = YES;
				CLANG_WARN_ENUM_CONVERSION = YES;
				CLANG_WARN_INFINITE_RECURSION = YES;
				CLANG_WARN_INT_CONVERSION = YES;
				CLANG_WARN_NON_LITERAL_NULL_CONVERSION = YES;
				CLANG_WARN_OBJC_IMPLICIT_RETAIN_SELF = YES;
				CLANG_WARN_OBJC_LITERAL_CONVERSION = YES;
				CLANG_WARN_OBJC_ROOT_CLASS = YES_ERROR;
				CLANG_WARN_QUOTED_INCLUDE_IN_FRAMEWORK_HEADER = YES;
				CLANG_WARN_RANGE_LOOP_ANALYSIS = YES;
				CLANG_WARN_STRICT_PROTOTYPES = YES;
				CLANG_WARN_SUSPICIOUS_MOVE = YES;
				CLANG_WARN_UNGUARDED_AVAILABILITY = YES_AGGRESSIVE;
				CLANG_WARN_UNREACHABLE_CODE = YES;
				CLANG_WARN__DUPLICATE_METHOD_MATCH = YES;
				COPY_PHASE_STRIP = NO;
				DEBUG_INFORMATION_FORMAT = "dwarf-with-dsym";
				ENABLE_NS_ASSERTIONS = NO;
				ENABLE_STRICT_OBJC_MSGSEND = YES;
				GCC_C_LANGUAGE_STANDARD = gnu11;
				GCC_NO_COMMON_BLOCKS = YES;
				GCC_WARN_64_TO_32_BIT_CONVERSION = YES;
				GCC_WARN_ABOUT_RETURN_TYPE = YES_ERROR;
				GCC_WARN_UNDECLARED_SELECTOR = YES;
				GCC_WARN_UNINITIALIZED_AUTOS = YES_AGGRESSIVE;
				GCC_WARN_UNUSED_FUNCTION = YES;
				GCC_WARN_UNUSED_VARIABLE = YES;
				IPHONEOS_DEPLOYMENT_TARGET = 16.0;
				MTL_ENABLE_DEBUG_INFO = NO;
				MTL_FAST_MATH = YES;
				SDKROOT = iphoneos;
				SWIFT_COMPILATION_MODE = wholemodule;
				SWIFT_OPTIMIZATION_LEVEL = "-O";
				VALIDATE_PRODUCT = YES;
			};
			name = Release;
		};
		5349726C297BE17E00609FA6 /* Debug */ = {
			isa = XCBuildConfiguration;
			buildSettings = {
				ASSETCATALOG_COMPILER_APPICON_NAME = AppIcon;
				ASSETCATALOG_COMPILER_GLOBAL_ACCENT_COLOR_NAME = AccentColor;
				CODE_SIGN_STYLE = Automatic;
				CURRENT_PROJECT_VERSION = 1;
				GENERATE_INFOPLIST_FILE = YES;
				INFOPLIST_FILE = RickAndMorty/Info.plist;
				INFOPLIST_KEY_UIApplicationSupportsIndirectInputEvents = YES;
				INFOPLIST_KEY_UILaunchStoryboardName = LaunchScreen;
				INFOPLIST_KEY_UISupportedInterfaceOrientations_iPad = "UIInterfaceOrientationPortrait UIInterfaceOrientationPortraitUpsideDown UIInterfaceOrientationLandscapeLeft UIInterfaceOrientationLandscapeRight";
				INFOPLIST_KEY_UISupportedInterfaceOrientations_iPhone = "UIInterfaceOrientationPortrait UIInterfaceOrientationLandscapeLeft UIInterfaceOrientationLandscapeRight";
				LD_RUNPATH_SEARCH_PATHS = (
					"$(inherited)",
					"@executable_path/Frameworks",
				);
				MARKETING_VERSION = 1.0;
				PRODUCT_BUNDLE_IDENTIFIER = com.thejus.RickAndMorty;
				PRODUCT_NAME = "$(TARGET_NAME)";
				SUPPORTED_PLATFORMS = "iphoneos iphonesimulator";
				SUPPORTS_MACCATALYST = NO;
				SUPPORTS_MAC_DESIGNED_FOR_IPHONE_IPAD = NO;
				SWIFT_EMIT_LOC_STRINGS = YES;
				SWIFT_VERSION = 5.0;
				TARGETED_DEVICE_FAMILY = 1;
			};
			name = Debug;
		};
		5349726D297BE17E00609FA6 /* Release */ = {
			isa = XCBuildConfiguration;
			buildSettings = {
				ASSETCATALOG_COMPILER_APPICON_NAME = AppIcon;
				ASSETCATALOG_COMPILER_GLOBAL_ACCENT_COLOR_NAME = AccentColor;
				CODE_SIGN_STYLE = Automatic;
				CURRENT_PROJECT_VERSION = 1;
				GENERATE_INFOPLIST_FILE = YES;
				INFOPLIST_FILE = RickAndMorty/Info.plist;
				INFOPLIST_KEY_UIApplicationSupportsIndirectInputEvents = YES;
				INFOPLIST_KEY_UILaunchStoryboardName = LaunchScreen;
				INFOPLIST_KEY_UISupportedInterfaceOrientations_iPad = "UIInterfaceOrientationPortrait UIInterfaceOrientationPortraitUpsideDown UIInterfaceOrientationLandscapeLeft UIInterfaceOrientationLandscapeRight";
				INFOPLIST_KEY_UISupportedInterfaceOrientations_iPhone = "UIInterfaceOrientationPortrait UIInterfaceOrientationLandscapeLeft UIInterfaceOrientationLandscapeRight";
				LD_RUNPATH_SEARCH_PATHS = (
					"$(inherited)",
					"@executable_path/Frameworks",
				);
				MARKETING_VERSION = 1.0;
				PRODUCT_BUNDLE_IDENTIFIER = com.thejus.RickAndMorty;
				PRODUCT_NAME = "$(TARGET_NAME)";
				SUPPORTED_PLATFORMS = "iphoneos iphonesimulator";
				SUPPORTS_MACCATALYST = NO;
				SUPPORTS_MAC_DESIGNED_FOR_IPHONE_IPAD = NO;
				SWIFT_EMIT_LOC_STRINGS = YES;
				SWIFT_VERSION = 5.0;
				TARGETED_DEVICE_FAMILY = 1;
			};
			name = Release;
		};
		5349726F297BE17E00609FA6 /* Debug */ = {
			isa = XCBuildConfiguration;
			buildSettings = {
				ALWAYS_EMBED_SWIFT_STANDARD_LIBRARIES = YES;
				BUNDLE_LOADER = "$(TEST_HOST)";
				CODE_SIGN_STYLE = Automatic;
				CURRENT_PROJECT_VERSION = 1;
				GENERATE_INFOPLIST_FILE = YES;
				IPHONEOS_DEPLOYMENT_TARGET = 16.0;
				MARKETING_VERSION = 1.0;
				PRODUCT_BUNDLE_IDENTIFIER = com.thejus.RickAndMortyTests;
				PRODUCT_NAME = "$(TARGET_NAME)";
				SUPPORTED_PLATFORMS = "iphoneos iphonesimulator";
				SUPPORTS_MACCATALYST = NO;
				SUPPORTS_MAC_DESIGNED_FOR_IPHONE_IPAD = NO;
				SWIFT_EMIT_LOC_STRINGS = NO;
				SWIFT_VERSION = 5.0;
				TARGETED_DEVICE_FAMILY = 1;
				TEST_HOST = "$(BUILT_PRODUCTS_DIR)/RickAndMorty.app/$(BUNDLE_EXECUTABLE_FOLDER_PATH)/RickAndMorty";
			};
			name = Debug;
		};
		53497270297BE17E00609FA6 /* Release */ = {
			isa = XCBuildConfiguration;
			buildSettings = {
				ALWAYS_EMBED_SWIFT_STANDARD_LIBRARIES = YES;
				BUNDLE_LOADER = "$(TEST_HOST)";
				CODE_SIGN_STYLE = Automatic;
				CURRENT_PROJECT_VERSION = 1;
				GENERATE_INFOPLIST_FILE = YES;
				IPHONEOS_DEPLOYMENT_TARGET = 16.0;
				MARKETING_VERSION = 1.0;
				PRODUCT_BUNDLE_IDENTIFIER = com.thejus.RickAndMortyTests;
				PRODUCT_NAME = "$(TARGET_NAME)";
				SUPPORTED_PLATFORMS = "iphoneos iphonesimulator";
				SUPPORTS_MACCATALYST = NO;
				SUPPORTS_MAC_DESIGNED_FOR_IPHONE_IPAD = NO;
				SWIFT_EMIT_LOC_STRINGS = NO;
				SWIFT_VERSION = 5.0;
				TARGETED_DEVICE_FAMILY = 1;
				TEST_HOST = "$(BUILT_PRODUCTS_DIR)/RickAndMorty.app/$(BUNDLE_EXECUTABLE_FOLDER_PATH)/RickAndMorty";
			};
			name = Release;
		};
		53497272297BE17E00609FA6 /* Debug */ = {
			isa = XCBuildConfiguration;
			buildSettings = {
				ALWAYS_EMBED_SWIFT_STANDARD_LIBRARIES = YES;
				CODE_SIGN_STYLE = Automatic;
				CURRENT_PROJECT_VERSION = 1;
				GENERATE_INFOPLIST_FILE = YES;
				MARKETING_VERSION = 1.0;
				PRODUCT_BUNDLE_IDENTIFIER = com.thejus.RickAndMortyUITests;
				PRODUCT_NAME = "$(TARGET_NAME)";
				SUPPORTED_PLATFORMS = "iphoneos iphonesimulator";
				SUPPORTS_MACCATALYST = NO;
				SUPPORTS_MAC_DESIGNED_FOR_IPHONE_IPAD = NO;
				SWIFT_EMIT_LOC_STRINGS = NO;
				SWIFT_VERSION = 5.0;
				TARGETED_DEVICE_FAMILY = 1;
				TEST_TARGET_NAME = RickAndMorty;
			};
			name = Debug;
		};
		53497273297BE17E00609FA6 /* Release */ = {
			isa = XCBuildConfiguration;
			buildSettings = {
				ALWAYS_EMBED_SWIFT_STANDARD_LIBRARIES = YES;
				CODE_SIGN_STYLE = Automatic;
				CURRENT_PROJECT_VERSION = 1;
				GENERATE_INFOPLIST_FILE = YES;
				MARKETING_VERSION = 1.0;
				PRODUCT_BUNDLE_IDENTIFIER = com.thejus.RickAndMortyUITests;
				PRODUCT_NAME = "$(TARGET_NAME)";
				SUPPORTED_PLATFORMS = "iphoneos iphonesimulator";
				SUPPORTS_MACCATALYST = NO;
				SUPPORTS_MAC_DESIGNED_FOR_IPHONE_IPAD = NO;
				SWIFT_EMIT_LOC_STRINGS = NO;
				SWIFT_VERSION = 5.0;
				TARGETED_DEVICE_FAMILY = 1;
				TEST_TARGET_NAME = RickAndMorty;
			};
			name = Release;
		};
/* End XCBuildConfiguration section */

/* Begin XCConfigurationList section */
		5349723C297BE17D00609FA6 /* Build configuration list for PBXProject "RickAndMorty" */ = {
			isa = XCConfigurationList;
			buildConfigurations = (
				53497269297BE17E00609FA6 /* Debug */,
				5349726A297BE17E00609FA6 /* Release */,
			);
			defaultConfigurationIsVisible = 0;
			defaultConfigurationName = Release;
		};
		5349726B297BE17E00609FA6 /* Build configuration list for PBXNativeTarget "RickAndMorty" */ = {
			isa = XCConfigurationList;
			buildConfigurations = (
				5349726C297BE17E00609FA6 /* Debug */,
				5349726D297BE17E00609FA6 /* Release */,
			);
			defaultConfigurationIsVisible = 0;
			defaultConfigurationName = Release;
		};
		5349726E297BE17E00609FA6 /* Build configuration list for PBXNativeTarget "RickAndMortyTests" */ = {
			isa = XCConfigurationList;
			buildConfigurations = (
				5349726F297BE17E00609FA6 /* Debug */,
				53497270297BE17E00609FA6 /* Release */,
			);
			defaultConfigurationIsVisible = 0;
			defaultConfigurationName = Release;
		};
		53497271297BE17E00609FA6 /* Build configuration list for PBXNativeTarget "RickAndMortyUITests" */ = {
			isa = XCConfigurationList;
			buildConfigurations = (
				53497272297BE17E00609FA6 /* Debug */,
				53497273297BE17E00609FA6 /* Release */,
			);
			defaultConfigurationIsVisible = 0;
			defaultConfigurationName = Release;
		};
/* End XCConfigurationList section */

/* Begin XCRemoteSwiftPackageReference section */
		535F15B3297D318F007873A8 /* XCRemoteSwiftPackageReference "SDWebImage" */ = {
			isa = XCRemoteSwiftPackageReference;
			repositoryURL = "https://github.com/SDWebImage/SDWebImage.git";
			requirement = {
				kind = upToNextMajorVersion;
				minimumVersion = 5.0.0;
			};
		};
/* End XCRemoteSwiftPackageReference section */

/* Begin XCSwiftPackageProductDependency section */
		535F15B4297D318F007873A8 /* SDWebImage */ = {
			isa = XCSwiftPackageProductDependency;
			package = 535F15B3297D318F007873A8 /* XCRemoteSwiftPackageReference "SDWebImage" */;
			productName = SDWebImage;
		};
/* End XCSwiftPackageProductDependency section */
	};
	rootObject = 53497239297BE17D00609FA6 /* Project object */;
}
